// !$*UTF8*$!
{
	archiveVersion = 1;
	classes = {
	};
	objectVersion = 55;
	objects = {

/* Begin PBXBuildFile section */
		BA575AF727205C9E00C93709 /* AppDelegate.swift in Sources */ = {isa = PBXBuildFile; fileRef = BA575AF627205C9E00C93709 /* AppDelegate.swift */; };
		BA575AF927205C9E00C93709 /* SceneDelegate.swift in Sources */ = {isa = PBXBuildFile; fileRef = BA575AF827205C9E00C93709 /* SceneDelegate.swift */; };
		BA575AFB27205C9E00C93709 /* ViewController.swift in Sources */ = {isa = PBXBuildFile; fileRef = BA575AFA27205C9E00C93709 /* ViewController.swift */; };
		BA575AFE27205C9E00C93709 /* Main.storyboard in Resources */ = {isa = PBXBuildFile; fileRef = BA575AFC27205C9E00C93709 /* Main.storyboard */; };
		BA575B0027205C9F00C93709 /* Assets.xcassets in Resources */ = {isa = PBXBuildFile; fileRef = BA575AFF27205C9F00C93709 /* Assets.xcassets */; };
		BA575B0327205C9F00C93709 /* LaunchScreen.storyboard in Resources */ = {isa = PBXBuildFile; fileRef = BA575B0127205C9F00C93709 /* LaunchScreen.storyboard */; };
		BA575B0B27205EC100C93709 /* Section1ViewController.swift in Sources */ = {isa = PBXBuildFile; fileRef = BA575B0A27205EC100C93709 /* Section1ViewController.swift */; };
		BA575B0D27205ECD00C93709 /* Section2ViewController.swift in Sources */ = {isa = PBXBuildFile; fileRef = BA575B0C27205ECD00C93709 /* Section2ViewController.swift */; };
		BA575B0F27205ED700C93709 /* Section3ViewController.swift in Sources */ = {isa = PBXBuildFile; fileRef = BA575B0E27205ED700C93709 /* Section3ViewController.swift */; };
/* End PBXBuildFile section */

/* Begin PBXFileReference section */
		BA575AF327205C9E00C93709 /* SolucionParcial.app */ = {isa = PBXFileReference; explicitFileType = wrapper.application; includeInIndex = 0; path = SolucionParcial.app; sourceTree = BUILT_PRODUCTS_DIR; };
		BA575AF627205C9E00C93709 /* AppDelegate.swift */ = {isa = PBXFileReference; lastKnownFileType = sourcecode.swift; path = AppDelegate.swift; sourceTree = "<group>"; };
		BA575AF827205C9E00C93709 /* SceneDelegate.swift */ = {isa = PBXFileReference; lastKnownFileType = sourcecode.swift; path = SceneDelegate.swift; sourceTree = "<group>"; };
		BA575AFA27205C9E00C93709 /* ViewController.swift */ = {isa = PBXFileReference; lastKnownFileType = sourcecode.swift; path = ViewController.swift; sourceTree = "<group>"; };
		BA575AFD27205C9E00C93709 /* Base */ = {isa = PBXFileReference; lastKnownFileType = file.storyboard; name = Base; path = Base.lproj/Main.storyboard; sourceTree = "<group>"; };
		BA575AFF27205C9F00C93709 /* Assets.xcassets */ = {isa = PBXFileReference; lastKnownFileType = folder.assetcatalog; path = Assets.xcassets; sourceTree = "<group>"; };
		BA575B0227205C9F00C93709 /* Base */ = {isa = PBXFileReference; lastKnownFileType = file.storyboard; name = Base; path = Base.lproj/LaunchScreen.storyboard; sourceTree = "<group>"; };
		BA575B0427205C9F00C93709 /* Info.plist */ = {isa = PBXFileReference; lastKnownFileType = text.plist.xml; path = Info.plist; sourceTree = "<group>"; };
		BA575B0A27205EC100C93709 /* Section1ViewController.swift */ = {isa = PBXFileReference; lastKnownFileType = sourcecode.swift; path = Section1ViewController.swift; sourceTree = "<group>"; };
		BA575B0C27205ECD00C93709 /* Section2ViewController.swift */ = {isa = PBXFileReference; lastKnownFileType = sourcecode.swift; path = Section2ViewController.swift; sourceTree = "<group>"; };
		BA575B0E27205ED700C93709 /* Section3ViewController.swift */ = {isa = PBXFileReference; lastKnownFileType = sourcecode.swift; path = Section3ViewController.swift; sourceTree = "<group>"; };
/* End PBXFileReference section */

/* Begin PBXFrameworksBuildPhase section */
		BA575AF027205C9E00C93709 /* Frameworks */ = {
			isa = PBXFrameworksBuildPhase;
			buildActionMask = 2147483647;
			files = (
			);
			runOnlyForDeploymentPostprocessing = 0;
		};
/* End PBXFrameworksBuildPhase section */

/* Begin PBXGroup section */
		BA575AEA27205C9E00C93709 = {
			isa = PBXGroup;
			children = (
				BA575AF527205C9E00C93709 /* SolucionParcial */,
				BA575AF427205C9E00C93709 /* Products */,
			);
			sourceTree = "<group>";
		};
		BA575AF427205C9E00C93709 /* Products */ = {
			isa = PBXGroup;
			children = (
				BA575AF327205C9E00C93709 /* SolucionParcial.app */,
			);
			name = Products;
			sourceTree = "<group>";
		};
		BA575AF527205C9E00C93709 /* SolucionParcial */ = {
			isa = PBXGroup;
			children = (
				BA575AF627205C9E00C93709 /* AppDelegate.swift */,
				BA575AF827205C9E00C93709 /* SceneDelegate.swift */,
				BA575AFA27205C9E00C93709 /* ViewController.swift */,
				BA575AFC27205C9E00C93709 /* Main.storyboard */,
				BA575AFF27205C9F00C93709 /* Assets.xcassets */,
				BA575B0127205C9F00C93709 /* LaunchScreen.storyboard */,
				BA575B0427205C9F00C93709 /* Info.plist */,
				BA575B0A27205EC100C93709 /* Section1ViewController.swift */,
				BA575B0C27205ECD00C93709 /* Section2ViewController.swift */,
				BA575B0E27205ED700C93709 /* Section3ViewController.swift */,
			);
			path = SolucionParcial;
			sourceTree = "<group>";
		};
/* End PBXGroup section */

/* Begin PBXNativeTarget section */
		BA575AF227205C9E00C93709 /* SolucionParcial */ = {
			isa = PBXNativeTarget;
			buildConfigurationList = BA575B0727205C9F00C93709 /* Build configuration list for PBXNativeTarget "SolucionParcial" */;
			buildPhases = (
				BA575AEF27205C9E00C93709 /* Sources */,
				BA575AF027205C9E00C93709 /* Frameworks */,
				BA575AF127205C9E00C93709 /* Resources */,
			);
			buildRules = (
			);
			dependencies = (
			);
			name = SolucionParcial;
			productName = SolucionParcial;
			productReference = BA575AF327205C9E00C93709 /* SolucionParcial.app */;
			productType = "com.apple.product-type.application";
		};
/* End PBXNativeTarget section */

/* Begin PBXProject section */
		BA575AEB27205C9E00C93709 /* Project object */ = {
			isa = PBXProject;
			attributes = {
				BuildIndependentTargetsInParallel = 1;
				LastSwiftUpdateCheck = 1300;
				LastUpgradeCheck = 1300;
				TargetAttributes = {
					BA575AF227205C9E00C93709 = {
						CreatedOnToolsVersion = 13.0;
					};
				};
			};
			buildConfigurationList = BA575AEE27205C9E00C93709 /* Build configuration list for PBXProject "SolucionParcial" */;
			compatibilityVersion = "Xcode 13.0";
			developmentRegion = en;
			hasScannedForEncodings = 0;
			knownRegions = (
				en,
				Base,
			);
			mainGroup = BA575AEA27205C9E00C93709;
			productRefGroup = BA575AF427205C9E00C93709 /* Products */;
			projectDirPath = "";
			projectRoot = "";
			targets = (
				BA575AF227205C9E00C93709 /* SolucionParcial */,
			);
		};
/* End PBXProject section */

/* Begin PBXResourcesBuildPhase section */
		BA575AF127205C9E00C93709 /* Resources */ = {
			isa = PBXResourcesBuildPhase;
			buildActionMask = 2147483647;
			files = (
				BA575B0327205C9F00C93709 /* LaunchScreen.storyboard in Resources */,
				BA575B0027205C9F00C93709 /* Assets.xcassets in Resources */,
				BA575AFE27205C9E00C93709 /* Main.storyboard in Resources */,
			);
			runOnlyForDeploymentPostprocessing = 0;
		};
/* End PBXResourcesBuildPhase section */

/* Begin PBXSourcesBuildPhase section */
		BA575AEF27205C9E00C93709 /* Sources */ = {
			isa = PBXSourcesBuildPhase;
			buildActionMask = 2147483647;
			files = (
				BA575B0D27205ECD00C93709 /* Section2ViewController.swift in Sources */,
				BA575B0B27205EC100C93709 /* Section1ViewController.swift in Sources */,
				BA575B0F27205ED700C93709 /* Section3ViewController.swift in Sources */,
				BA575AFB27205C9E00C93709 /* ViewController.swift in Sources */,
				BA575AF727205C9E00C93709 /* AppDelegate.swift in Sources */,
				BA575AF927205C9E00C93709 /* SceneDelegate.swift in Sources */,
			);
			runOnlyForDeploymentPostprocessing = 0;
		};
/* End PBXSourcesBuildPhase section */

/* Begin PBXVariantGroup section */
		BA575AFC27205C9E00C93709 /* Main.storyboard */ = {
			isa = PBXVariantGroup;
			children = (
				BA575AFD27205C9E00C93709 /* Base */,
			);
			name = Main.storyboard;
			sourceTree = "<group>";
		};
		BA575B0127205C9F00C93709 /* LaunchScreen.storyboard */ = {
			isa = PBXVariantGroup;
			children = (
				BA575B0227205C9F00C93709 /* Base */,
			);
			name = LaunchScreen.storyboard;
			sourceTree = "<group>";
		};
/* End PBXVariantGroup section */

/* Begin XCBuildConfiguration section */
		BA575B0527205C9F00C93709 /* Debug */ = {
			isa = XCBuildConfiguration;
			buildSettings = {
				ALWAYS_SEARCH_USER_PATHS = NO;
				CLANG_ANALYZER_NONNULL = YES;
				CLANG_ANALYZER_NUMBER_OBJECT_CONVERSION = YES_AGGRESSIVE;
				CLANG_CXX_LANGUAGE_STANDARD = "gnu++17";
				CLANG_CXX_LIBRARY = "libc++";
				CLANG_ENABLE_MODULES = YES;
				CLANG_ENABLE_OBJC_ARC = YES;
				CLANG_ENABLE_OBJC_WEAK = YES;
				CLANG_WARN_BLOCK_CAPTURE_AUTORELEASING = YES;
				CLANG_WARN_BOOL_CONVERSION = YES;
				CLANG_WARN_COMMA = YES;
				CLANG_WARN_CONSTANT_CONVERSION = YES;
				CLANG_WARN_DEPRECATED_OBJC_IMPLEMENTATIONS = YES;
				CLANG_WARN_DIRECT_OBJC_ISA_USAGE = YES_ERROR;
				CLANG_WARN_DOCUMENTATION_COMMENTS = YES;
				CLANG_WARN_EMPTY_BODY = YES;
				CLANG_WARN_ENUM_CONVERSION = YES;
				CLANG_WARN_INFINITE_RECURSION = YES;
				CLANG_WARN_INT_CONVERSION = YES;
				CLANG_WARN_NON_LITERAL_NULL_CONVERSION = YES;
				CLANG_WARN_OBJC_IMPLICIT_RETAIN_SELF = YES;
				CLANG_WARN_OBJC_LITERAL_CONVERSION = YES;
				CLANG_WARN_OBJC_ROOT_CLASS = YES_ERROR;
				CLANG_WARN_QUOTED_INCLUDE_IN_FRAMEWORK_HEADER = YES;
				CLANG_WARN_RANGE_LOOP_ANALYSIS = YES;
				CLANG_WARN_STRICT_PROTOTYPES = YES;
				CLANG_WARN_SUSPICIOUS_MOVE = YES;
				CLANG_WARN_UNGUARDED_AVAILABILITY = YES_AGGRESSIVE;
				CLANG_WARN_UNREACHABLE_CODE = YES;
				CLANG_WARN__DUPLICATE_METHOD_MATCH = YES;
				COPY_PHASE_STRIP = NO;
				DEBUG_INFORMATION_FORMAT = dwarf;
				ENABLE_STRICT_OBJC_MSGSEND = YES;
				ENABLE_TESTABILITY = YES;
				GCC_C_LANGUAGE_STANDARD = gnu11;
				GCC_DYNAMIC_NO_PIC = NO;
				GCC_NO_COMMON_BLOCKS = YES;
				GCC_OPTIMIZATION_LEVEL = 0;
				GCC_PREPROCESSOR_DEFINITIONS = (
					"DEBUG=1",
					"$(inherited)",
				);
				GCC_WARN_64_TO_32_BIT_CONVERSION = YES;
				GCC_WARN_ABOUT_RETURN_TYPE = YES_ERROR;
				GCC_WARN_UNDECLARED_SELECTOR = YES;
				GCC_WARN_UNINITIALIZED_AUTOS = YES_AGGRESSIVE;
				GCC_WARN_UNUSED_FUNCTION = YES;
				GCC_WARN_UNUSED_VARIABLE = YES;
				IPHONEOS_DEPLOYMENT_TARGET = 15.0;
				MTL_ENABLE_DEBUG_INFO = INCLUDE_SOURCE;
				MTL_FAST_MATH = YES;
				ONLY_ACTIVE_ARCH = YES;
				SDKROOT = iphoneos;
				SWIFT_ACTIVE_COMPILATION_CONDITIONS = DEBUG;
				SWIFT_OPTIMIZATION_LEVEL = "-Onone";
			};
			name = Debug;
		};
		BA575B0627205C9F00C93709 /* Release */ = {
			isa = XCBuildConfiguration;
			buildSettings = {
				ALWAYS_SEARCH_USER_PATHS = NO;
				CLANG_ANALYZER_NONNULL = YES;
				CLANG_ANALYZER_NUMBER_OBJECT_CONVERSION = YES_AGGRESSIVE;
				CLANG_CXX_LANGUAGE_STANDARD = "gnu++17";
				CLANG_CXX_LIBRARY = "libc++";
				CLANG_ENABLE_MODULES = YES;
				CLANG_ENABLE_OBJC_ARC = YES;
				CLANG_ENABLE_OBJC_WEAK = YES;
				CLANG_WARN_BLOCK_CAPTURE_AUTORELEASING = YES;
				CLANG_WARN_BOOL_CONVERSION = YES;
				CLANG_WARN_COMMA = YES;
				CLANG_WARN_CONSTANT_CONVERSION = YES;
				CLANG_WARN_DEPRECATED_OBJC_IMPLEMENTATIONS = YES;
				CLANG_WARN_DIRECT_OBJC_ISA_USAGE = YES_ERROR;
				CLANG_WARN_DOCUMENTATION_COMMENTS = YES;
				CLANG_WARN_EMPTY_BODY = YES;
				CLANG_WARN_ENUM_CONVERSION = YES;
				CLANG_WARN_INFINITE_RECURSION = YES;
				CLANG_WARN_INT_CONVERSION = YES;
				CLANG_WARN_NON_LITERAL_NULL_CONVERSION = YES;
				CLANG_WARN_OBJC_IMPLICIT_RETAIN_SELF = YES;
				CLANG_WARN_OBJC_LITERAL_CONVERSION = YES;
				CLANG_WARN_OBJC_ROOT_CLASS = YES_ERROR;
				CLANG_WARN_QUOTED_INCLUDE_IN_FRAMEWORK_HEADER = YES;
				CLANG_WARN_RANGE_LOOP_ANALYSIS = YES;
				CLANG_WARN_STRICT_PROTOTYPES = YES;
				CLANG_WARN_SUSPICIOUS_MOVE = YES;
				CLANG_WARN_UNGUARDED_AVAILABILITY = YES_AGGRESSIVE;
				CLANG_WARN_UNREACHABLE_CODE = YES;
				CLANG_WARN__DUPLICATE_METHOD_MATCH = YES;
				COPY_PHASE_STRIP = NO;
				DEBUG_INFORMATION_FORMAT = "dwarf-with-dsym";
				ENABLE_NS_ASSERTIONS = NO;
				ENABLE_STRICT_OBJC_MSGSEND = YES;
				GCC_C_LANGUAGE_STANDARD = gnu11;
				GCC_NO_COMMON_BLOCKS = YES;
				GCC_WARN_64_TO_32_BIT_CONVERSION = YES;
				GCC_WARN_ABOUT_RETURN_TYPE = YES_ERROR;
				GCC_WARN_UNDECLARED_SELECTOR = YES;
				GCC_WARN_UNINITIALIZED_AUTOS = YES_AGGRESSIVE;
				GCC_WARN_UNUSED_FUNCTION = YES;
				GCC_WARN_UNUSED_VARIABLE = YES;
				IPHONEOS_DEPLOYMENT_TARGET = 15.0;
				MTL_ENABLE_DEBUG_INFO = NO;
				MTL_FAST_MATH = YES;
				SDKROOT = iphoneos;
				SWIFT_COMPILATION_MODE = wholemodule;
				SWIFT_OPTIMIZATION_LEVEL = "-O";
				VALIDATE_PRODUCT = YES;
			};
			name = Release;
		};
		BA575B0827205C9F00C93709 /* Debug */ = {
			isa = XCBuildConfiguration;
			buildSettings = {
				ASSETCATALOG_COMPILER_APPICON_NAME = AppIcon;
				ASSETCATALOG_COMPILER_GLOBAL_ACCENT_COLOR_NAME = AccentColor;
				CODE_SIGN_STYLE = Automatic;
				CURRENT_PROJECT_VERSION = 1;
				GENERATE_INFOPLIST_FILE = YES;
				INFOPLIST_FILE = SolucionParcial/Info.plist;
				INFOPLIST_KEY_UIApplicationSupportsIndirectInputEvents = YES;
				INFOPLIST_KEY_UILaunchStoryboardName = LaunchScreen;
				INFOPLIST_KEY_UIMainStoryboardFile = Main;
				INFOPLIST_KEY_UISupportedInterfaceOrientations_iPad = "UIInterfaceOrientationPortrait UIInterfaceOrientationPortraitUpsideDown UIInterfaceOrientationLandscapeLeft UIInterfaceOrientationLandscapeRight";
				INFOPLIST_KEY_UISupportedInterfaceOrientations_iPhone = "UIInterfaceOrientationPortrait UIInterfaceOrientationLandscapeLeft UIInterfaceOrientationLandscapeRight";
				LD_RUNPATH_SEARCH_PATHS = (
					"$(inherited)",
					"@executable_path/Frameworks",
				);
				MARKETING_VERSION = 1.0;
				PRODUCT_BUNDLE_IDENTIFIER = com.isil.SolucionParcial;
				PRODUCT_NAME = "$(TARGET_NAME)";
				SWIFT_EMIT_LOC_STRINGS = YES;
				SWIFT_VERSION = 5.0;
				TARGETED_DEVICE_FAMILY = "1,2";
			};
			name = Debug;
		};
		BA575B0927205C9F00C93709 /* Release */ = {
			isa = XCBuildConfiguration;
			buildSettings = {
				ASSETCATALOG_COMPILER_APPICON_NAME = AppIcon;
				ASSETCATALOG_COMPILER_GLOBAL_ACCENT_COLOR_NAME = AccentColor;
				CODE_SIGN_STYLE = Automatic;
				CURRENT_PROJECT_VERSION = 1;
				GENERATE_INFOPLIST_FILE = YES;
				INFOPLIST_FILE = SolucionParcial/Info.plist;
				INFOPLIST_KEY_UIApplicationSupportsIndirectInputEvents = YES;
				INFOPLIST_KEY_UILaunchStoryboardName = LaunchScreen;
				INFOPLIST_KEY_UIMainStoryboardFile = Main;
				INFOPLIST_KEY_UISupportedInterfaceOrientations_iPad = "UIInterfaceOrientationPortrait UIInterfaceOrientationPortraitUpsideDown UIInterfaceOrientationLandscapeLeft UIInterfaceOrientationLandscapeRight";
				INFOPLIST_KEY_UISupportedInterfaceOrientations_iPhone = "UIInterfaceOrientationPortrait UIInterfaceOrientationLandscapeLeft UIInterfaceOrientationLandscapeRight";
				LD_RUNPATH_SEARCH_PATHS = (
					"$(inherited)",
					"@executable_path/Frameworks",
				);
				MARKETING_VERSION = 1.0;
				PRODUCT_BUNDLE_IDENTIFIER = com.isil.SolucionParcial;
				PRODUCT_NAME = "$(TARGET_NAME)";
				SWIFT_EMIT_LOC_STRINGS = YES;
				SWIFT_VERSION = 5.0;
				TARGETED_DEVICE_FAMILY = "1,2";
			};
			name = Release;
		};
/* End XCBuildConfiguration section */

/* Begin XCConfigurationList section */
		BA575AEE27205C9E00C93709 /* Build configuration list for PBXProject "SolucionParcial" */ = {
			isa = XCConfigurationList;
			buildConfigurations = (
				BA575B0527205C9F00C93709 /* Debug */,
				BA575B0627205C9F00C93709 /* Release */,
			);
			defaultConfigurationIsVisible = 0;
			defaultConfigurationName = Release;
		};
		BA575B0727205C9F00C93709 /* Build configuration list for PBXNativeTarget "SolucionParcial" */ = {
			isa = XCConfigurationList;
			buildConfigurations = (
				BA575B0827205C9F00C93709 /* Debug */,
				BA575B0927205C9F00C93709 /* Release */,
			);
			defaultConfigurationIsVisible = 0;
			defaultConfigurationName = Release;
		};
/* End XCConfigurationList section */
	};
	rootObject = BA575AEB27205C9E00C93709 /* Project object */;
}
